
Microsoft Visual Studio Solution File, Format Version 12.00
# Visual Studio Version 17
VisualStudioVersion = 17.8.34330.188
MinimumVisualStudioVersion = 10.0.40219.1
Project("{FAE04EC0-301F-11D3-BF4B-00C04F79EFBC}") = "çarpım tablosu oluşturma", "çarpım tablosu oluşturma\çarpım tablosu oluşturma.csproj", "{0AA20C8F-C16A-44A4-BF48-008335BFB1A0}"
EndProject
Global
	GlobalSection(SolutionConfigurationPlatforms) = preSolution
		Debug|Any CPU = Debug|Any CPU
		Release|Any CPU = Release|Any CPU
	EndGlobalSection
	GlobalSection(ProjectConfigurationPlatforms) = postSolution
		{0AA20C8F-C16A-44A4-BF48-008335BFB1A0}.Debug|Any CPU.ActiveCfg = Debug|Any CPU
		{0AA20C8F-C16A-44A4-BF48-008335BFB1A0}.Debug|Any CPU.Build.0 = Debug|Any CPU
		{0AA20C8F-C16A-44A4-BF48-008335BFB1A0}.Release|Any CPU.ActiveCfg = Release|Any CPU
		{0AA20C8F-C16A-44A4-BF48-008335BFB1A0}.Release|Any CPU.Build.0 = Release|Any CPU
	EndGlobalSection
	GlobalSection(SolutionProperties) = preSolution
		HideSolutionNode = FALSE
	EndGlobalSection
	GlobalSection(ExtensibilityGlobals) = postSolution
		SolutionGuid = {3B60ED88-C164-4422-9BC6-57F191696388}
	EndGlobalSection
EndGlobal
